# This file was generated by Aiken
# You typically do not need to edit this file

[[requirements]]
name = "aiken-lang/stdlib"
version = "cf89161cbcd5e2c9519e7ea5d61986473b708179"
source = "github"

[[packages]]
name = "aiken-lang/stdlib"
version = "cf89161cbcd5e2c9519e7ea5d61986473b708179"
requirements = []
source = "github"
