# This file was generated by Aiken
# You typically do not need to edit this file

[[requirements]]
name = "aiken-lang/stdlib"
version = "specialize-dict-key"
source = "github"

[[packages]]
name = "aiken-lang/stdlib"
version = "specialize-dict-key"
requirements = []
source = "github"

[etags]
"aiken-lang/stdlib@specialize-dict-key" = [{ secs_since_epoch = 1714055775, nanos_since_epoch = 582445000 }, "4a03ebbbc134cedfe1bf03b59d5ed476f4dd97a769dc259552a9086e786bb108"]
