# This file was generated by Aiken
# You typically do not need to edit this file

[[requirements]]
name = "aiken-lang/stdlib"
version = "specialize-dict-key"
source = "github"

[[packages]]
name = "aiken-lang/stdlib"
version = "specialize-dict-key"
requirements = []
source = "github"

[etags]
"aiken-lang/stdlib@specialize-dict-key" = [{ secs_since_epoch = 1714678422, nanos_since_epoch = 633452000 }, "4a471c3bad39d9bd642bb8ae80c5e90585cc4d79315de7d5b4277a2f00994714"]
