# This file was generated by Aiken
# You typically do not need to edit this file

[[requirements]]
name = "aiken-lang/stdlib"
version = "main"
source = "github"

[[packages]]
name = "aiken-lang/stdlib"
version = "main"
requirements = []
source = "github"

[etags]
"aiken-lang/stdlib@main" = [{ secs_since_epoch = 1711569180, nanos_since_epoch = 807185000 }, "b3c7a0d03fa7a9f454fccd45c69a09010858ec0b6c9a1f5c71ef2ebc36fc46bb"]
