# This file was generated by Aiken
# You typically do not need to edit this file

[[requirements]]
name = "aiken-lang/stdlib"
version = "main"
source = "github"

[[requirements]]
name = "aiken-lang/fuzz"
version = "main"
source = "github"

[[packages]]
name = "aiken-lang/stdlib"
version = "main"
requirements = []
source = "github"

[[packages]]
name = "aiken-lang/fuzz"
version = "main"
requirements = []
source = "github"

[etags]
"aiken-lang/fuzz@main" = [{ secs_since_epoch = 1717767691, nanos_since_epoch = 206091000 }, "98cf81aa68f9ccf68bc5aba9be06d06cb1db6e8eff60b668ed5e8ddf3588206b"]
"aiken-lang/stdlib@main" = [{ secs_since_epoch = 1717767690, nanos_since_epoch = 920449000 }, "a746f5b5cd3c2ca5dc19c43bcfc64230c546fafea2ba5f8e340c227b85886078"]
