# This file was generated by Aiken
# You typically do not need to edit this file

[[requirements]]
name = "logicalmechanism/stdlib"
version = "plutus-v3"
source = "github"

[[packages]]
name = "logicalmechanism/stdlib"
version = "plutus-v3"
requirements = []
source = "github"

[etags]
"logicalmechanism/stdlib@plutus-v3" = [{ secs_since_epoch = 1723394635, nanos_since_epoch = 36770000 }, "097396ab7dedd5e38c558f35b2fb34a2d0f058bb0da0635949f5fcbb36f1310e"]
