# This file was generated by Aiken
# You typically do not need to edit this file

[[requirements]]
name = "aiken-lang/stdlib"
version = "7ca9e659688ea88e1cfdc439b6c20c4c7fae9985"
source = "github"

[[packages]]
name = "aiken-lang/stdlib"
version = "7ca9e659688ea88e1cfdc439b6c20c4c7fae9985"
requirements = []
source = "github"
