# This file was generated by Aiken
# You typically do not need to edit this file

[[requirements]]
name = "aiken-lang/stdlib"
version = "43d8e740ffdf5febc59e51b7f0d5f8506115340c"
source = "github"

[[packages]]
name = "aiken-lang/stdlib"
version = "43d8e740ffdf5febc59e51b7f0d5f8506115340c"
requirements = []
source = "github"
