# This file was generated by Aiken
# You typically do not need to edit this file

[[requirements]]
name = "aiken-lang/stdlib"
version = "v2"
source = "github"

[[packages]]
name = "aiken-lang/stdlib"
version = "v2"
requirements = []
source = "github"

[etags]
"aiken-lang/stdlib@v2" = [{ secs_since_epoch = 1725207187, nanos_since_epoch = 801664000 }, "d79382d2b6ecb3aee9b0755c31d8a5bbafe88a7b3706d7fb8a52fd4d05818501"]
