# This file was generated by Aiken
# You typically do not need to edit this file

[[requirements]]
name = "aiken-lang/stdlib"
version = "main"
source = "github"

[[packages]]
name = "aiken-lang/stdlib"
version = "main"
requirements = []
source = "github"

[etags]
"aiken-lang/stdlib@main" = [{ secs_since_epoch = 1714852860, nanos_since_epoch = 160588000 }, "5ee55dc5ccf269bb493f4cacb32096f0191a6adb2ef39d62a1f79b8c5a8fcc7f"]
