# This file was generated by Aiken
# You typically do not need to edit this file

[[requirements]]
name = "aiken-lang/stdlib"
version = "main"
source = "github"

[[packages]]
name = "aiken-lang/stdlib"
version = "main"
requirements = []
source = "github"

[etags]
"aiken-lang/stdlib@main" = [{ secs_since_epoch = 1704913481, nanos_since_epoch = 657333000 }, "cf946239d3dd481ed41f20e56bf24910b5229ea35aa171a708edc2a47fc20a7b"]
