# This file was generated by Aiken
# You typically do not need to edit this file

[[requirements]]
name = "aiken-lang/stdlib"
version = "main"
source = "github"

[[packages]]
name = "aiken-lang/stdlib"
version = "main"
requirements = []
source = "github"

[etags]
"aiken-lang/stdlib@main" = [{ secs_since_epoch = 1695677326, nanos_since_epoch = 227348000 }, "a5918f742d4589d2f5a91daf232eb03a2a0972a367ec0b016e9e8670e28c1b47"]
