# This file was generated by Aiken
# You typically do not need to edit this file

[[requirements]]
name = "aiken-lang/stdlib"
version = "main"
source = "github"

[[packages]]
name = "aiken-lang/stdlib"
version = "main"
requirements = []
source = "github"

[etags]
"aiken-lang/stdlib@main" = [{ secs_since_epoch = 1709757092, nanos_since_epoch = 290583000 }, "17605e6f00494c5ea701a06deff6958be289c09d088009248e0f2c4eee4ab0ee"]
