# This file was generated by Aiken
# You typically do not need to edit this file

[[requirements]]
name = "aiken-lang/stdlib"
version = "main"
source = "github"

[[packages]]
name = "aiken-lang/stdlib"
version = "main"
requirements = []
source = "github"

[etags]
"aiken-lang/stdlib@main" = [{ secs_since_epoch = 1714678414, nanos_since_epoch = 78614000 }, "2a710731e0127ec3e21c6c3962a0254c98602e7428b33fc4fcaa67ab368ce1b1"]
