# This file was generated by Aiken
# You typically do not need to edit this file

[[requirements]]
name = "aiken-lang/stdlib"
version = "main"
source = "github"

[[packages]]
name = "aiken-lang/stdlib"
version = "main"
requirements = []
source = "github"

[etags]
"aiken-lang/stdlib@main" = [{ secs_since_epoch = 1719353054, nanos_since_epoch = 415860000 }, "a746f5b5cd3c2ca5dc19c43bcfc64230c546fafea2ba5f8e340c227b85886078"]
