# This file was generated by Aiken
# You typically do not need to edit this file

[[requirements]]
name = "aiken-lang/stdlib"
version = "main"
source = "github"

[[packages]]
name = "aiken-lang/stdlib"
version = "main"
requirements = []
source = "github"

[etags]
"aiken-lang/stdlib@main" = [{ secs_since_epoch = 1724777001, nanos_since_epoch = 587403000 }, "5e58899446492a704d0927a43299139856bef746e697b55895ba34206fa28452"]
