# This file was generated by Aiken
# You typically do not need to edit this file

[[requirements]]
name = "aiken-lang/stdlib"
version = "main"
source = "github"

[[packages]]
name = "aiken-lang/stdlib"
version = "main"
requirements = []
source = "github"

[etags]
"aiken-lang/stdlib@main" = [{ secs_since_epoch = 1698716845, nanos_since_epoch = 204842000 }, "a721cf2738274f806efefb5a33c6ff9ae049476f0d45a42049b71793949f4d1d"]
