# This file was generated by Aiken
# You typically do not need to edit this file

[[requirements]]
name = "aiken-lang/stdlib"
version = "1cedbe85b7c7e9c4036d63d45cad4ced27b0d50b"
source = "github"

[[packages]]
name = "aiken-lang/stdlib"
version = "1cedbe85b7c7e9c4036d63d45cad4ced27b0d50b"
requirements = []
source = "github"
