# This file was generated by Aiken
# You typically do not need to edit this file

[[requirements]]
name = "aiken-lang/stdlib"
version = "main"
source = "github"

[[packages]]
name = "aiken-lang/stdlib"
version = "main"
requirements = []
source = "github"

[etags]
"aiken-lang/stdlib@main" = [{ secs_since_epoch = 1716306902, nanos_since_epoch = 886531000 }, "3d3d948e66503986746dfdf33ca5e80ac634b356c928321987188473d813b2db"]
