# This file was generated by Aiken
# You typically do not need to edit this file

[[requirements]]
name = "aiken-lang/stdlib"
version = "main"
source = "github"

[[packages]]
name = "aiken-lang/stdlib"
version = "main"
requirements = []
source = "github"

[etags]
"aiken-lang/stdlib@main" = [{ secs_since_epoch = 1741180251, nanos_since_epoch = 215894000 }, "f1e3219cb0074fdacb2ad74f3f03892ddc9aa43562153ef0f2eaf7e992dd6af4"]
